
Microsoft Visual Studio Solution File, Format Version 12.00
# Visual Studio Version 17
VisualStudioVersion = 17.1.32421.90
MinimumVisualStudioVersion = 10.0.40219.1
Project("{2150E333-8FDC-42A3-9474-1A3956D46DE8}") = "src", "src", "{D54A8CF9-7211-43DC-8BF4-02E7C9DF5325}"
EndProject
Project("{2150E333-8FDC-42A3-9474-1A3956D46DE8}") = "Building Blocks", "Building Blocks", "{638608C5-2D30-4FFA-ADA9-3241120911AC}"
EndProject
Project("{2150E333-8FDC-42A3-9474-1A3956D46DE8}") = "Services", "Services", "{00F3AFC5-A055-4C03-B42A-D419F7F98E54}"
EndProject
Project("{2150E333-8FDC-42A3-9474-1A3956D46DE8}") = "Web", "Web", "{BBD6EDF9-F1E6-45D7-AE14-C03494C68201}"
EndProject
Project("{2150E333-8FDC-42A3-9474-1A3956D46DE8}") = "Identidade", "Identidade", "{E3D31231-7048-4379-931F-D99165B1A8E7}"
EndProject
Project("{9A19103F-16F7-4668-BE54-9A1E7A4F7556}") = "NS.Identidade.API", "src\services\NS.Identidade.API\NS.Identidade.API.csproj", "{C8F0222A-DB01-465F-A2AA-FBE63750D98E}"
EndProject
Project("{2150E333-8FDC-42A3-9474-1A3956D46DE8}") = "MVC", "MVC", "{8F755C98-E3BC-4884-A0A8-B2EAAF31D7F6}"
EndProject
Project("{9A19103F-16F7-4668-BE54-9A1E7A4F7556}") = "NS.WebApp.MVC", "src\web\NS.WebApp.MVC\NS.WebApp.MVC.csproj", "{D2E2E1CE-4416-4263-8FF8-01EBFFF99FF1}"
EndProject
Project("{2150E333-8FDC-42A3-9474-1A3956D46DE8}") = "Core", "Core", "{3F6AB4E1-89DA-4B9E-9649-8429DD46A1F9}"
EndProject
Project("{9A19103F-16F7-4668-BE54-9A1E7A4F7556}") = "NS.Core", "src\building blocks\NS.Core\NS.Core.csproj", "{D398D201-E542-4AE8-9479-4FFBF8D3E687}"
EndProject
Project("{2150E333-8FDC-42A3-9474-1A3956D46DE8}") = "Carrinho", "Carrinho", "{BC090CD0-0283-4B9D-88A2-4DDAF8DAC55E}"
EndProject
Project("{2150E333-8FDC-42A3-9474-1A3956D46DE8}") = "Catalogo", "Catalogo", "{43552D69-529E-44AC-8B70-C32447681447}"
EndProject
Project("{2150E333-8FDC-42A3-9474-1A3956D46DE8}") = "Cliente", "Cliente", "{ED4BF7EF-CFA9-403D-BC7F-08FF59CC7576}"
EndProject
Project("{2150E333-8FDC-42A3-9474-1A3956D46DE8}") = "Pagamento", "Pagamento", "{628AF0A2-8A5C-4A2D-B66C-8D18F795F42D}"
EndProject
Project("{2150E333-8FDC-42A3-9474-1A3956D46DE8}") = "Pedido", "Pedido", "{49A925AA-77F2-4C32-974D-AD176E762DB3}"
EndProject
Project("{9A19103F-16F7-4668-BE54-9A1E7A4F7556}") = "NS.Carrinho.API", "src\services\NS.Carrinho.API\NS.Carrinho.API.csproj", "{B88A69F8-41E5-419E-A7D3-11301AFF93CA}"
EndProject
Project("{9A19103F-16F7-4668-BE54-9A1E7A4F7556}") = "NS.Catalogo.API", "src\services\NS.Catalogo.API\NS.Catalogo.API.csproj", "{0C9F9F8D-158C-4FCB-B701-75CF0E027101}"
EndProject
Project("{9A19103F-16F7-4668-BE54-9A1E7A4F7556}") = "NS.Cliente.API", "src\services\NS.Cliente.API\NS.Cliente.API.csproj", "{941788B0-0D29-4BCB-921B-CC3644865817}"
EndProject
Project("{9A19103F-16F7-4668-BE54-9A1E7A4F7556}") = "NS.Pagamento.API", "src\services\NS.Pagamento.API\NS.Pagamento.API.csproj", "{8B8A475A-6193-453E-9D07-6EF6B7377F59}"
EndProject
Project("{9A19103F-16F7-4668-BE54-9A1E7A4F7556}") = "NS.Pedido.API", "src\services\NS.Pedido.API\NS.Pedido.API.csproj", "{A58D3A71-8142-4E9F-ACDF-CE6CA4864E46}"
EndProject
Global
	GlobalSection(SolutionConfigurationPlatforms) = preSolution
		Debug|Any CPU = Debug|Any CPU
		Release|Any CPU = Release|Any CPU
	EndGlobalSection
	GlobalSection(ProjectConfigurationPlatforms) = postSolution
		{C8F0222A-DB01-465F-A2AA-FBE63750D98E}.Debug|Any CPU.ActiveCfg = Debug|Any CPU
		{C8F0222A-DB01-465F-A2AA-FBE63750D98E}.Debug|Any CPU.Build.0 = Debug|Any CPU
		{C8F0222A-DB01-465F-A2AA-FBE63750D98E}.Release|Any CPU.ActiveCfg = Release|Any CPU
		{C8F0222A-DB01-465F-A2AA-FBE63750D98E}.Release|Any CPU.Build.0 = Release|Any CPU
		{D2E2E1CE-4416-4263-8FF8-01EBFFF99FF1}.Debug|Any CPU.ActiveCfg = Debug|Any CPU
		{D2E2E1CE-4416-4263-8FF8-01EBFFF99FF1}.Debug|Any CPU.Build.0 = Debug|Any CPU
		{D2E2E1CE-4416-4263-8FF8-01EBFFF99FF1}.Release|Any CPU.ActiveCfg = Release|Any CPU
		{D2E2E1CE-4416-4263-8FF8-01EBFFF99FF1}.Release|Any CPU.Build.0 = Release|Any CPU
		{D398D201-E542-4AE8-9479-4FFBF8D3E687}.Debug|Any CPU.ActiveCfg = Debug|Any CPU
		{D398D201-E542-4AE8-9479-4FFBF8D3E687}.Debug|Any CPU.Build.0 = Debug|Any CPU
		{D398D201-E542-4AE8-9479-4FFBF8D3E687}.Release|Any CPU.ActiveCfg = Release|Any CPU
		{D398D201-E542-4AE8-9479-4FFBF8D3E687}.Release|Any CPU.Build.0 = Release|Any CPU
		{B88A69F8-41E5-419E-A7D3-11301AFF93CA}.Debug|Any CPU.ActiveCfg = Debug|Any CPU
		{B88A69F8-41E5-419E-A7D3-11301AFF93CA}.Debug|Any CPU.Build.0 = Debug|Any CPU
		{B88A69F8-41E5-419E-A7D3-11301AFF93CA}.Release|Any CPU.ActiveCfg = Release|Any CPU
		{B88A69F8-41E5-419E-A7D3-11301AFF93CA}.Release|Any CPU.Build.0 = Release|Any CPU
		{0C9F9F8D-158C-4FCB-B701-75CF0E027101}.Debug|Any CPU.ActiveCfg = Debug|Any CPU
		{0C9F9F8D-158C-4FCB-B701-75CF0E027101}.Debug|Any CPU.Build.0 = Debug|Any CPU
		{0C9F9F8D-158C-4FCB-B701-75CF0E027101}.Release|Any CPU.ActiveCfg = Release|Any CPU
		{0C9F9F8D-158C-4FCB-B701-75CF0E027101}.Release|Any CPU.Build.0 = Release|Any CPU
		{941788B0-0D29-4BCB-921B-CC3644865817}.Debug|Any CPU.ActiveCfg = Debug|Any CPU
		{941788B0-0D29-4BCB-921B-CC3644865817}.Debug|Any CPU.Build.0 = Debug|Any CPU
		{941788B0-0D29-4BCB-921B-CC3644865817}.Release|Any CPU.ActiveCfg = Release|Any CPU
		{941788B0-0D29-4BCB-921B-CC3644865817}.Release|Any CPU.Build.0 = Release|Any CPU
		{8B8A475A-6193-453E-9D07-6EF6B7377F59}.Debug|Any CPU.ActiveCfg = Debug|Any CPU
		{8B8A475A-6193-453E-9D07-6EF6B7377F59}.Debug|Any CPU.Build.0 = Debug|Any CPU
		{8B8A475A-6193-453E-9D07-6EF6B7377F59}.Release|Any CPU.ActiveCfg = Release|Any CPU
		{8B8A475A-6193-453E-9D07-6EF6B7377F59}.Release|Any CPU.Build.0 = Release|Any CPU
		{A58D3A71-8142-4E9F-ACDF-CE6CA4864E46}.Debug|Any CPU.ActiveCfg = Debug|Any CPU
		{A58D3A71-8142-4E9F-ACDF-CE6CA4864E46}.Debug|Any CPU.Build.0 = Debug|Any CPU
		{A58D3A71-8142-4E9F-ACDF-CE6CA4864E46}.Release|Any CPU.ActiveCfg = Release|Any CPU
		{A58D3A71-8142-4E9F-ACDF-CE6CA4864E46}.Release|Any CPU.Build.0 = Release|Any CPU
	EndGlobalSection
	GlobalSection(SolutionProperties) = preSolution
		HideSolutionNode = FALSE
	EndGlobalSection
	GlobalSection(NestedProjects) = preSolution
		{638608C5-2D30-4FFA-ADA9-3241120911AC} = {D54A8CF9-7211-43DC-8BF4-02E7C9DF5325}
		{00F3AFC5-A055-4C03-B42A-D419F7F98E54} = {D54A8CF9-7211-43DC-8BF4-02E7C9DF5325}
		{BBD6EDF9-F1E6-45D7-AE14-C03494C68201} = {D54A8CF9-7211-43DC-8BF4-02E7C9DF5325}
		{E3D31231-7048-4379-931F-D99165B1A8E7} = {00F3AFC5-A055-4C03-B42A-D419F7F98E54}
		{C8F0222A-DB01-465F-A2AA-FBE63750D98E} = {E3D31231-7048-4379-931F-D99165B1A8E7}
		{8F755C98-E3BC-4884-A0A8-B2EAAF31D7F6} = {BBD6EDF9-F1E6-45D7-AE14-C03494C68201}
		{D2E2E1CE-4416-4263-8FF8-01EBFFF99FF1} = {8F755C98-E3BC-4884-A0A8-B2EAAF31D7F6}
		{3F6AB4E1-89DA-4B9E-9649-8429DD46A1F9} = {638608C5-2D30-4FFA-ADA9-3241120911AC}
		{D398D201-E542-4AE8-9479-4FFBF8D3E687} = {3F6AB4E1-89DA-4B9E-9649-8429DD46A1F9}
		{BC090CD0-0283-4B9D-88A2-4DDAF8DAC55E} = {00F3AFC5-A055-4C03-B42A-D419F7F98E54}
		{43552D69-529E-44AC-8B70-C32447681447} = {00F3AFC5-A055-4C03-B42A-D419F7F98E54}
		{ED4BF7EF-CFA9-403D-BC7F-08FF59CC7576} = {00F3AFC5-A055-4C03-B42A-D419F7F98E54}
		{628AF0A2-8A5C-4A2D-B66C-8D18F795F42D} = {00F3AFC5-A055-4C03-B42A-D419F7F98E54}
		{49A925AA-77F2-4C32-974D-AD176E762DB3} = {00F3AFC5-A055-4C03-B42A-D419F7F98E54}
		{B88A69F8-41E5-419E-A7D3-11301AFF93CA} = {BC090CD0-0283-4B9D-88A2-4DDAF8DAC55E}
		{0C9F9F8D-158C-4FCB-B701-75CF0E027101} = {43552D69-529E-44AC-8B70-C32447681447}
		{941788B0-0D29-4BCB-921B-CC3644865817} = {ED4BF7EF-CFA9-403D-BC7F-08FF59CC7576}
		{8B8A475A-6193-453E-9D07-6EF6B7377F59} = {628AF0A2-8A5C-4A2D-B66C-8D18F795F42D}
		{A58D3A71-8142-4E9F-ACDF-CE6CA4864E46} = {49A925AA-77F2-4C32-974D-AD176E762DB3}
	EndGlobalSection
	GlobalSection(ExtensibilityGlobals) = postSolution
		SolutionGuid = {CFF7051F-1A82-4B24-9C1E-42AB1A2BC3DA}
	EndGlobalSection
EndGlobal
